<?xml version="1.0" encoding="utf-8"?>
<Project ToolsVersion="4.0" xmlns="http://schemas.microsoft.com/developer/msbuild/2003">
  <ItemGroup>
    <Filter Include="Source Files">
      <UniqueIdentifier>{4FC737F1-C7A5-4376-A066-2A32D752A2FF}</UniqueIdentifier>
      <Extensions>cpp;c;cc;cxx;c++;cppm;ixx;def;odl;idl;hpj;bat;asm;asmx</Extensions>
    </Filter>
    <Filter Include="Header Files">
      <UniqueIdentifier>{93995380-89BD-4b04-88EB-625FBE52EBFB}</UniqueIdentifier>
      <Extensions>h;hh;hpp;hxx;h++;hm;inl;inc;ipp;xsd</Extensions>
    </Filter>
    <Filter Include="Resource Files">
      <UniqueIdentifier>{67DA6AB6-F800-4c08-8B7A-83BB121AAD01}</UniqueIdentifier>
      <Extensions>rc;ico;cur;bmp;dlg;rc2;rct;bin;rgs;gif;jpg;jpeg;jpe;resx;tiff;tif;png;wav;mfcribbon-ms</Extensions>
    </Filter>
    <Filter Include="Header Files\GUI">
      <UniqueIdentifier>{b5f8bfdf-76bc-41dc-bbee-fd501300679c}</UniqueIdentifier>
    </Filter>
    <Filter Include="Source Files\GUI">
      <UniqueIdentifier>{16a98195-7cb8-4620-81d6-a2f85873808a}</UniqueIdentifier>
    </Filter>
  </ItemGroup>
  <ItemGroup>
    <ClCompile Include="WinMain.cpp">
      <Filter>Source Files</Filter>
    </ClCompile>
    <ClCompile Include="VortexEditor.cpp">
      <Filter>Source Files</Filter>
    </ClCompile>
    <ClCompile Include="ArduinoSerial.cpp">
      <Filter>Source Files</Filter>
    </ClCompile>
    <ClCompile Include="VortexPort.cpp">
      <Filter>Source Files</Filter>
    </ClCompile>
    <ClCompile Include="VortexColorPicker.cpp">
      <Filter>Source Files</Filter>
    </ClCompile>
    <ClCompile Include="GUI\VButton.cpp">
      <Filter>Source Files\GUI</Filter>
    </ClCompile>
    <ClCompile Include="GUI\VChildWindow.cpp">
      <Filter>Source Files\GUI</Filter>
    </ClCompile>
    <ClCompile Include="GUI\VColorSelect.cpp">
      <Filter>Source Files\GUI</Filter>
    </ClCompile>
    <ClCompile Include="GUI\VComboBox.cpp">
      <Filter>Source Files\GUI</Filter>
    </ClCompile>
    <ClCompile Include="GUI\VListBox.cpp">
      <Filter>Source Files\GUI</Filter>
    </ClCompile>
    <ClCompile Include="GUI\VLabel.cpp">
      <Filter>Source Files\GUI</Filter>
    </ClCompile>
    <ClCompile Include="GUI\VMultiListBox.cpp">
      <Filter>Source Files\GUI</Filter>
    </ClCompile>
    <ClCompile Include="GUI\VSelectBox.cpp">
      <Filter>Source Files\GUI</Filter>
    </ClCompile>
    <ClCompile Include="GUI\VSlider.cpp">
      <Filter>Source Files\GUI</Filter>
    </ClCompile>
    <ClCompile Include="GUI\VStatusBar.cpp">
      <Filter>Source Files\GUI</Filter>
    </ClCompile>
    <ClCompile Include="GUI\VTextBox.cpp">
      <Filter>Source Files\GUI</Filter>
    </ClCompile>
    <ClCompile Include="GUI\VWindow.cpp">
      <Filter>Source Files\GUI</Filter>
    </ClCompile>
    <ClCompile Include="VortexModeRandomizer.cpp">
      <Filter>Source Files</Filter>
    </ClCompile>
    <ClCompile Include="VortexCommunityBrowser.cpp">
      <Filter>Source Files</Filter>
    </ClCompile>
    <ClCompile Include="GUI\VPatternStrip.cpp">
      <Filter>Source Files\GUI</Filter>
    </ClCompile>
    <ClCompile Include="GUI\VPatternListBox.cpp">
      <Filter>Source Files\GUI</Filter>
    </ClCompile>
    <ClCompile Include="HttpClient.cpp">
      <Filter>Source Files</Filter>
    </ClCompile>
    <ClCompile Include="VortexEditorTutorial.cpp">
      <Filter>Source Files</Filter>
    </ClCompile>
    <ClCompile Include="VortexChromaLink.cpp">
      <Filter>Source Files</Filter>
    </ClCompile>
  </ItemGroup>
  <ItemGroup>
    <ClInclude Include="VortexEditor.h">
      <Filter>Header Files</Filter>
    </ClInclude>
    <ClInclude Include="ArduinoSerial.h">
      <Filter>Header Files</Filter>
    </ClInclude>
    <ClInclude Include="EditorConfig.h">
      <Filter>Header Files</Filter>
    </ClInclude>
    <ClInclude Include="resource.h">
      <Filter>Header Files</Filter>
    </ClInclude>
    <ClInclude Include="VortexPort.h">
      <Filter>Header Files</Filter>
    </ClInclude>
    <ClInclude Include="VortexColorPicker.h">
      <Filter>Header Files</Filter>
    </ClInclude>
    <ClInclude Include="GUI\VChildWindow.h">
      <Filter>Header Files\GUI</Filter>
    </ClInclude>
    <ClInclude Include="GUI\VColorSelect.h">
      <Filter>Header Files\GUI</Filter>
    </ClInclude>
    <ClInclude Include="GUI\VComboBox.h">
      <Filter>Header Files\GUI</Filter>
    </ClInclude>
    <ClInclude Include="GUI\VLabel.h">
      <Filter>Header Files\GUI</Filter>
    </ClInclude>
    <ClInclude Include="GUI\VListBox.h">
      <Filter>Header Files\GUI</Filter>
    </ClInclude>
    <ClInclude Include="GUI\VMultiListBox.h">
      <Filter>Header Files\GUI</Filter>
    </ClInclude>
    <ClInclude Include="GUI\VSelectBox.h">
      <Filter>Header Files\GUI</Filter>
    </ClInclude>
    <ClInclude Include="GUI\VSlider.h">
      <Filter>Header Files\GUI</Filter>
    </ClInclude>
    <ClInclude Include="GUI\VStatusBar.h">
      <Filter>Header Files\GUI</Filter>
    </ClInclude>
    <ClInclude Include="GUI\VTextBox.h">
      <Filter>Header Files\GUI</Filter>
    </ClInclude>
    <ClInclude Include="GUI\VWindow.h">
      <Filter>Header Files\GUI</Filter>
    </ClInclude>
    <ClInclude Include="GUI\VButton.h">
      <Filter>Header Files\GUI</Filter>
    </ClInclude>
    <ClInclude Include="VortexModeRandomizer.h">
      <Filter>Header Files</Filter>
    </ClInclude>
    <ClInclude Include="VortexCommunityBrowser.h">
      <Filter>Header Files</Filter>
    </ClInclude>
    <ClInclude Include="GUI\VPatternStrip.h">
      <Filter>Header Files\GUI</Filter>
    </ClInclude>
    <ClInclude Include="GUI\VPatternListBox.h">
      <Filter>Header Files\GUI</Filter>
    </ClInclude>
    <ClInclude Include="HttpClient.h">
      <Filter>Header Files</Filter>
    </ClInclude>
    <ClInclude Include="VortexEditorTutorial.h">
      <Filter>Header Files</Filter>
    </ClInclude>
    <ClInclude Include="VortexChromaLink.h">
      <Filter>Header Files</Filter>
    </ClInclude>
  </ItemGroup>
  <ItemGroup>
    <ResourceCompile Include="VortexEditor.rc">
      <Filter>Resource Files</Filter>
    </ResourceCompile>
  </ItemGroup>
  <ItemGroup>
    <Image Include="icon.ico">
      <Filter>Resource Files</Filter>
    </Image>
    <Image Include="..\chromadeck-logo-square-64.bmp">
      <Filter>Resource Files</Filter>
    </Image>
    <Image Include="..\gloves-logo-square-64.bmp">
      <Filter>Resource Files</Filter>
    </Image>
    <Image Include="..\handle-logo-square-64.bmp">
      <Filter>Resource Files</Filter>
    </Image>
    <Image Include="..\orbit-logo-square-64.bmp">
      <Filter>Resource Files</Filter>
    </Image>
    <Image Include="..\chromadeck-logo-square-green-64.bmp">
      <Filter>Resource Files</Filter>
    </Image>
    <Image Include="..\gloves-logo-square-green-64.bmp">
      <Filter>Resource Files</Filter>
    </Image>
    <Image Include="..\handle-logo-square-green-64.bmp">
      <Filter>Resource Files</Filter>
    </Image>
    <Image Include="..\orbit-logo-square-green-64.bmp">
      <Filter>Resource Files</Filter>
    </Image>
    <Image Include="chromadeck-logo-square-64.bmp">
      <Filter>Resource Files</Filter>
    </Image>
    <Image Include="gloves-logo-square-64.bmp">
      <Filter>Resource Files</Filter>
    </Image>
    <Image Include="handle-logo-square-64.bmp">
      <Filter>Resource Files</Filter>
    </Image>
    <Image Include="orbit-logo-square-64.bmp">
      <Filter>Resource Files</Filter>
    </Image>
    <Image Include="chromadeck-logo-square-green-64.bmp">
      <Filter>Resource Files</Filter>
    </Image>
    <Image Include="gloves-logo-square-green-64.bmp">
      <Filter>Resource Files</Filter>
    </Image>
    <Image Include="handle-logo-square-green-64.bmp">
      <Filter>Resource Files</Filter>
    </Image>
    <Image Include="orbit-logo-square-green-64.bmp">
      <Filter>Resource Files</Filter>
    </Image>
  </ItemGroup>
</Project>